{
  "name": "agate",
  "version": "0.2.0",
  "lockfileVersion": 1,
  "requires": true,
  "dependencies": {
    "backbone": {
      "version": "1.3.3",
      "resolved": "https://registry.npmjs.org/backbone/-/backbone-1.3.3.tgz",
      "integrity": "sha1-TMgOp8sWMaxHSInOQPL4vGg7KZk=",
      "requires": {
        "underscore": "1.8.3"
      }
    },
    "backbone.marionette": {
      "version": "3.5.1",
      "resolved": "https://registry.npmjs.org/backbone.marionette/-/backbone.marionette-3.5.1.tgz",
      "integrity": "sha1-yyLKaM+YbLzan9tUT7eF3Wb48kg=",
      "requires": {
        "backbone.radio": "2.0.0"
      }
    },
    "backbone.radio": {
      "version": "2.0.0",
      "resolved": "https://registry.npmjs.org/backbone.radio/-/backbone.radio-2.0.0.tgz",
      "integrity": "sha1-u+hnKzc+MT+Z820vvPWD/nfQT0I="
    },
    "backbone.validation": {
      "version": "0.7.1",
      "resolved": "https://registry.npmjs.org/backbone.validation/-/backbone.validation-0.7.1.tgz",
      "integrity": "sha1-WCf3ZmY/eEAmJNIcNaU/ysDO6cU=",
      "requires": {
        "backbone": "1.3.3",
        "underscore": "1.8.3"
      }
    },
    "jquery": {
      "version": "2.2.4",
      "resolved": "https://registry.npmjs.org/jquery/-/jquery-2.2.4.tgz",
      "integrity": "sha1-LInWiJterFIqfuoywUUhVZxsvwI="
    },
    "marionette.toolkit": {
      "version": "3.1.0",
      "resolved": "https://registry.npmjs.org/marionette.toolkit/-/marionette.toolkit-3.1.0.tgz",
      "integrity": "sha1-FoaTn+SOa65KJivDWrEm4CZNgtI="
    },
    "marked": {
      "version": "0.3.9",
      "resolved": "https://registry.npmjs.org/marked/-/marked-0.3.9.tgz",
      "integrity": "sha512-nW5u0dxpXxHfkHzzrveY45gCbi+R4PaO4WRZYqZNl+vB0hVGeqlFn0aOg1c8AKL63TrNFn9Bm2UP4AdiZ9TPLw=="
    },
    "teacup": {
      "version": "2.0.0",
      "resolved": "https://registry.npmjs.org/teacup/-/teacup-2.0.0.tgz",
      "integrity": "sha1-MgxhGVYQgdFoZkJz6Yck5FDvCvw="
    },
    "underscore": {
      "version": "1.8.3",
      "resolved": "https://registry.npmjs.org/underscore/-/underscore-1.8.3.tgz",
      "integrity": "sha1-Tz+1OxBuYJf8+ctBCfKl6b36UCI="
    }
  }
}
